
Microsoft Visual Studio Solution File, Format Version 10.00
# Visual Studio 2008
Project("{FAE04EC0-301F-11D3-BF4B-00C04F79EFBC}") = "EmbeddingIronPython", "EmbeddingIronPython\EmbeddingIronPython.csproj", "{46B19F9D-0DCC-4A81-ADF8-AD8D734BB4F1}"
EndProject
Project("{FAE04EC0-301F-11D3-BF4B-00C04F79EFBC}") = "EmbeddingIronPython.Web", "EmbeddingIronPython.Web\EmbeddingIronPython.Web.csproj", "{1E63B4A4-EEBC-4BEA-810A-838E300FBA31}"
EndProject
Global
	GlobalSection(SolutionConfigurationPlatforms) = preSolution
		Debug|Any CPU = Debug|Any CPU
		Release|Any CPU = Release|Any CPU
	EndGlobalSection
	GlobalSection(ProjectConfigurationPlatforms) = postSolution
		{46B19F9D-0DCC-4A81-ADF8-AD8D734BB4F1}.Debug|Any CPU.ActiveCfg = Debug|Any CPU
		{46B19F9D-0DCC-4A81-ADF8-AD8D734BB4F1}.Debug|Any CPU.Build.0 = Debug|Any CPU
		{46B19F9D-0DCC-4A81-ADF8-AD8D734BB4F1}.Release|Any CPU.ActiveCfg = Release|Any CPU
		{46B19F9D-0DCC-4A81-ADF8-AD8D734BB4F1}.Release|Any CPU.Build.0 = Release|Any CPU
		{1E63B4A4-EEBC-4BEA-810A-838E300FBA31}.Debug|Any CPU.ActiveCfg = Debug|Any CPU
		{1E63B4A4-EEBC-4BEA-810A-838E300FBA31}.Debug|Any CPU.Build.0 = Debug|Any CPU
		{1E63B4A4-EEBC-4BEA-810A-838E300FBA31}.Release|Any CPU.ActiveCfg = Release|Any CPU
		{1E63B4A4-EEBC-4BEA-810A-838E300FBA31}.Release|Any CPU.Build.0 = Release|Any CPU
	EndGlobalSection
	GlobalSection(SolutionProperties) = preSolution
		HideSolutionNode = FALSE
	EndGlobalSection
EndGlobal
